
Microsoft Visual Studio Solution File, Format Version 12.00
# Visual Studio Version 16
VisualStudioVersion = 16.0.29911.84
MinimumVisualStudioVersion = 10.0.40219.1
Project("{FAE04EC0-301F-11D3-BF4B-00C04F79EFBC}") = "cw11-ef-code-first", "cw11-ef-code-first\cw11-ef-code-first.csproj", "{7E9CA0A3-F64A-49B8-B82A-F8F7689EBE46}"
EndProject
Global
	GlobalSection(SolutionConfigurationPlatforms) = preSolution
		Debug|Any CPU = Debug|Any CPU
		Release|Any CPU = Release|Any CPU
	EndGlobalSection
	GlobalSection(ProjectConfigurationPlatforms) = postSolution
		{7E9CA0A3-F64A-49B8-B82A-F8F7689EBE46}.Debug|Any CPU.ActiveCfg = Debug|Any CPU
		{7E9CA0A3-F64A-49B8-B82A-F8F7689EBE46}.Debug|Any CPU.Build.0 = Debug|Any CPU
		{7E9CA0A3-F64A-49B8-B82A-F8F7689EBE46}.Release|Any CPU.ActiveCfg = Release|Any CPU
		{7E9CA0A3-F64A-49B8-B82A-F8F7689EBE46}.Release|Any CPU.Build.0 = Release|Any CPU
	EndGlobalSection
	GlobalSection(SolutionProperties) = preSolution
		HideSolutionNode = FALSE
	EndGlobalSection
	GlobalSection(ExtensibilityGlobals) = postSolution
		SolutionGuid = {74413E93-8BF0-41FE-BC8D-26B9C5E9CFB1}
	EndGlobalSection
EndGlobal
